hash: 9febf27ef1bb7523f8610d1ea8c0fadbf195f994657059d4969c199552ed31d5
updated: 2018-06-12T12:11:02.969613+08:00
imports:
- name: github.com/apache/thrift
  version: b2a4d4ae21c789b689dd162deb819665567f481c
  subpackages:
  - lib/go/thrift
- name: github.com/beorn7/perks
  version: 3ac7bf7a47d159a033b107610db8a1b6575507a4
  subpackages:
  - quantile
- name: github.com/BurntSushi/toml
  version: 99064174e013895bbd9b025c31100bd1d9b590ca
- name: github.com/codahale/hdrhistogram
  version: f8ad88b59a584afeee9d334eff879b104439117b
- name: github.com/coreos/etcd
  version: fb5cd6f1c72c2b98e0c4453444cdfba306da867b
- name: github.com/cznic/mathutil
  version: c90ba19bea8927552cef4560ab888231566f049d
- name: github.com/davecgh/go-spew
  version: 87df7c60d5820d0f8ae11afede5aa52325c09717
  subpackages:
  - spew
- name: github.com/eapache/go-resiliency
  version: ea41b0fad31007accc7f806884dcdf3da98b79ce
  subpackages:
  - breaker
- name: github.com/eapache/go-xerial-snappy
  version: bb955e01b9346ac19dc29eb16586c90ded99a98c
- name: github.com/eapache/queue
  version: 093482f3f8ce946c05bcba64badd2c82369e084d
- name: github.com/go-sql-driver/mysql
  version: 4ac31a97ccff97de60ba3c630bfb4733c1bb6d0e
- name: github.com/golang/protobuf
  version: 8ee79997227bf9b34611aee7946ae64735e6fd93
  subpackages:
  - jsonpb
  - proto
  - ptypes
  - ptypes/any
  - ptypes/duration
  - ptypes/timestamp
- name: github.com/golang/snappy
  version: 723cc1e459b8eea2dea4583200fd60757d40097a
- name: github.com/google/btree
  version: 316fb6d3f031ae8f4d457c6c5186b9e3ded70435
- name: github.com/juju/errors
  version: 6f54ff6318409d31ff16261533ce2c8381a4fd5d
- name: github.com/matttproud/golang_protobuf_extensions
  version: c12348ce28de40eed0136aa2b644d0ee0650e56c
  subpackages:
  - pbutil
- name: github.com/ngaut/log
  version: cec23d3e10b016363780d894a0eb732a12c06e02
- name: github.com/opentracing/opentracing-go
  version: 1949ddbfd147afd4d964a9f00b24eb291e0e7c38
  subpackages:
  - ext
  - log
- name: github.com/petar/GoLLRB
  version: 53be0d36a84c2a886ca057d34b6aa4468df9ccb4
  subpackages:
  - llrb
- name: github.com/pierrec/lz4
  version: 6b9367c9ff401dbc54fabce3fb8d972e799b702d
  subpackages:
  - internal/xxh32
- name: github.com/pingcap/check
  version: 9b266636177e249ec28b0aeffe8e86bc272bb481
- name: github.com/pingcap/goleveldb
  version: 158edde5a354460121af007d02a00b01c8d03443
  subpackages:
  - leveldb
  - leveldb/cache
  - leveldb/comparer
  - leveldb/errors
  - leveldb/filter
  - leveldb/iterator
  - leveldb/journal
  - leveldb/memdb
  - leveldb/opt
  - leveldb/storage
  - leveldb/table
  - leveldb/util
- name: github.com/pingcap/kvproto
  version: 7b013aefd7210f4f4dbfca3330b462ddce5dd496
  subpackages:
  - pkg/eraftpb
  - pkg/metapb
  - pkg/pdpb
- name: github.com/pingcap/pd
  version: eed819b6999186a4bf2d25255f8d61b371a450d6
  subpackages:
  - pd-client
- name: github.com/pingcap/tidb
  version: e4878329f0c69d7b810b8b40fb3b8071c69b5e02
  subpackages:
  - ast
  - config
  - expression
  - infoschema
  - kv
  - meta
  - meta/autoid
  - metrics
  - model
  - mysql
  - parser
  - parser/opcode
  - perfschema
  - privilege
  - sessionctx
  - sessionctx/stmtctx
  - sessionctx/variable
  - store/tikv/oracle
  - structure
  - table
  - table/tables
  - tablecodec
  - terror
  - types
  - types/json
  - util
  - util/auth
  - util/charset
  - util/chunk
  - util/codec
  - util/encrypt
  - util/format
  - util/hack
  - util/kvcache
  - util/logutil
  - util/memory
  - util/mock
  - util/printer
  - util/sqlexec
  - util/stringutil
- name: github.com/pingcap/tipb
  version: 07ff5b094233a557a3ac11b1e4d8714d8c6ff406
  subpackages:
  - go-binlog
  - go-tipb
  - sharedbytes
- name: github.com/prometheus/client_golang
  version: c5b7fccd204277076155f10851dad72b76a49317
  subpackages:
  - prometheus
  - prometheus/push
- name: github.com/prometheus/client_model
  version: fa8ad6fec33561be4280a8f0514318c79d7f6cb6
  subpackages:
  - go
- name: github.com/prometheus/common
  version: 4402f4e5ea79ec15f3c574773b6a5198fbea215f
  subpackages:
  - expfmt
  - internal/bitbucket.org/ww/goautoneg
  - model
- name: github.com/prometheus/procfs
  version: abf152e5f3e97f2fafac028d2cc06c1feb87ffa5
- name: github.com/rcrowley/go-metrics
  version: e2704e165165ec55d062f5919b4b29494e9fa790
- name: github.com/satori/go.uuid
  version: f58768cc1a7a7e77a3bd49e98cdd21419399b6a3
- name: github.com/Shopify/sarama
  version: f7be6aa2bc7b2e38edf816b08b582782194a1c02
- name: github.com/siddontang/go
  version: cb568a3e5cc06256f91a2da5a87455f717eb33f4
  subpackages:
  - hack
  - ioutil2
  - sync2
- name: github.com/siddontang/go-mysql
  version: f77cd2a3cb46c6ceba6c3439cf5b937f6a314569
  subpackages:
  - client
  - mysql
  - packet
  - replication
  - schema
- name: github.com/sirupsen/logrus
  version: c155da19408a8799da419ed3eeb0cb5db0ad5dbc
- name: github.com/spaolacci/murmur3
  version: f09979ecbc725b9e6d41a297405f65e7e8804acc
- name: github.com/twinj/uuid
  version: 70cac2bcd273ef6a371bb96cde363d28b68734c3
- name: github.com/uber/jaeger-client-go
  version: d021e646f5187d77b55592c3efee1a2810e895d7
  subpackages:
  - config
  - internal/spanlog
  - log
  - rpcmetrics
  - thrift-gen/agent
  - thrift-gen/jaeger
  - thrift-gen/sampling
  - thrift-gen/zipkincore
  - utils
- name: github.com/uber/jaeger-lib
  version: 34d9cc24e47ab70783050b52f79c06eb3ac850ba
  subpackages:
  - metrics
- name: golang.org/x/crypto
  version: 1351f936d976c60a0a48d728281922cf63eafb8d
  subpackages:
  - bcrypt
  - blowfish
  - ssh/terminal
- name: golang.org/x/net
  version: d1e1b351919c6738fdeb9893d5c998b161464f0c
  repo: https://github.com/golang/net.git
  subpackages:
  - context
  - http2
  - http2/hpack
  - idna
  - internal/timeseries
  - lex/httplex
  - trace
- name: golang.org/x/sys
  version: 8d1157a435470616f975ff9bb013bea8d0962067
  repo: https://github.com/golang/sys.git
  vcs: git
  subpackages:
  - unix
- name: golang.org/x/text
  version: 4ee4af566555f5fbe026368b75596286a312663a
  repo: https://github.com/golang/text.git
  subpackages:
  - encoding
  - encoding/charmap
  - encoding/internal
  - encoding/internal/identifier
  - encoding/japanese
  - encoding/korean
  - encoding/simplifiedchinese
  - encoding/traditionalchinese
  - encoding/unicode
  - internal/utf8internal
  - runes
  - secure
  - secure/bidirule
  - transform
  - unicode/bidi
  - unicode/norm
- name: google.golang.org/genproto
  version: b0a3dcfcd1a9bd48e63634bd8802960804cf8315
  subpackages:
  - googleapis/rpc/status
- name: google.golang.org/grpc
  version: 5b3c4e850e90a4cf6a20ebd46c8b32a0a3afcb9e
  subpackages:
  - balancer
  - codes
  - connectivity
  - credentials
  - grpclb/grpc_lb_v1/messages
  - grpclog
  - health/grpc_health_v1
  - internal
  - keepalive
  - metadata
  - metadata
  - naming
  - peer
  - resolver
  - stats
  - status
  - tap
  - transport
- name: gopkg.in/natefinch/lumberjack.v2
  version: a96e63847dc3c67d17befa69c303767e2f84e54f
testImports: []
