github.com/BurntSushi/toml v0.0.0-20160717150709-99064174e013 h1:8kwKwd3A/Fg0zN3OlURh5n1tqTR77TSECGH7NfK4HjE=
github.com/BurntSushi/toml v0.0.0-20160717150709-99064174e013/go.mod h1:xHWCNGjB5oqiDr8zfno3MHue2Ht5sIBksp03qcyfWMU=
github.com/BurntSushi/toml v0.3.1/go.mod h1:xHWCNGjB5oqiDr8zfno3MHue2Ht5sIBksp03qcyfWMU=
github.com/Shopify/sarama v1.16.0 h1:9pI5+ZN06jB3bu5kHXqzzaErMC5rimcIZBQL9IOiEQ0=
github.com/Shopify/sarama v1.16.0/go.mod h1:FVkBWblsNy7DGZRfXLU0O9RCGt5g3g3yEuWXgklEdEo=
github.com/Shopify/toxiproxy v2.1.3+incompatible h1:awiJqUYH4q4OmoBiRccJykjd7B+w0loJi2keSna4X/M=
github.com/Shopify/toxiproxy v2.1.3+incompatible/go.mod h1:OXgGpZ6Cli1/URJOF1DMxUHB2q5Ap20/P/eIdh4G0pI=
github.com/beorn7/perks v0.0.0-20160804104726-4c0e84591b9a h1:BtpsbiV638WQZwhA98cEZw2BsbnQJrbd0BI7tsy0W1c=
github.com/beorn7/perks v0.0.0-20160804104726-4c0e84591b9a/go.mod h1:Dwedo/Wpr24TaqPxmxbtue+5NUziq4I4S80YR8gNf3Q=
github.com/beorn7/perks v0.0.0-20180321164747-3a771d992973 h1:xJ4a3vCFaGF/jqvzLMYoU8P317H5OQ+Via4RmuPwCS0=
github.com/beorn7/perks v0.0.0-20180321164747-3a771d992973/go.mod h1:Dwedo/Wpr24TaqPxmxbtue+5NUziq4I4S80YR8gNf3Q=
github.com/chzyer/readline v0.0.0-20171208011716-f6d7a1f6fbf3/go.mod h1:nSuG5e5PlCu98SY8svDHJxuZscDgtXS6KTTbou5AhLI=
github.com/cockroachdb/cmux v0.0.0-20160228191917-112f0506e774 h1:C5DrSCz+2RhYM6pNouIDWZnKWoz5Y+9aIhlGAcl0N6I=
github.com/cockroachdb/cmux v0.0.0-20160228191917-112f0506e774/go.mod h1:qRiX68mZX1lGBkTWyp3CLcenw9I94W2dLeRvMzcn9N4=
github.com/codahale/hdrhistogram v0.0.0-20161010025455-3a0bb77429bd h1:qMd81Ts1T2OTKmB4acZcyKaMtRnY5Y44NuXGX2GFJ1w=
github.com/codahale/hdrhistogram v0.0.0-20161010025455-3a0bb77429bd/go.mod h1:sE/e/2PUdi/liOCUjSTXgM1o87ZssimdTWN964YiIeI=
github.com/coreos/bbolt v1.3.1-coreos.5 h1:e1dvLp11PaS48015lANrxa1aest1AkpEi4Hx/eLQQ3U=
github.com/coreos/bbolt v1.3.1-coreos.5/go.mod h1:iRUV2dpdMOn7Bo10OQBFzIJO9kkE559Wcmn+qkEiiKk=
github.com/coreos/bbolt v1.3.1-coreos.6/go.mod h1:iRUV2dpdMOn7Bo10OQBFzIJO9kkE559Wcmn+qkEiiKk=
github.com/coreos/etcd v0.0.0-20180530235116-2b3aa7e1d49d/go.mod h1:uF7uidLiAD3TWHmW31ZFd/JWoc32PjwdhPthX9715RE=
github.com/coreos/etcd v3.2.14+incompatible h1:Z78gyTe1SqhMYcOA7Z9/6PxKfgOVacHJ1FtmBVdRPP4=
github.com/coreos/etcd v3.2.14+incompatible/go.mod h1:uF7uidLiAD3TWHmW31ZFd/JWoc32PjwdhPthX9715RE=
github.com/coreos/go-semver v0.2.0 h1:3Jm3tLmsgAYcjC+4Up7hJrFBPr+n7rAqYeSw/SZazuY=
github.com/coreos/go-semver v0.2.0/go.mod h1:nnelYz7RCh+5ahJtPPxZlU+153eP4D4r3EedlOD2RNk=
github.com/coreos/go-systemd v0.0.0-20161114122254-48702e0da86b h1:+mtZ0WjVZwTX0RVrXMXDwuYVaNeHGvWBW1UwJeMR+2M=
github.com/coreos/go-systemd v0.0.0-20161114122254-48702e0da86b/go.mod h1:F5haX7vjVVG0kc13fIWeqUViNPyEJxv/OmvnBo0Yme4=
github.com/coreos/go-systemd v0.0.0-20180202092358-40e2722dffea/go.mod h1:F5haX7vjVVG0kc13fIWeqUViNPyEJxv/OmvnBo0Yme4=
github.com/coreos/pkg v0.0.0-20160727233714-3ac0863d7acf h1:CAKfRE2YtTUIjjh1bkBtyYFaUT/WmOqsJjgtihT0vMI=
github.com/coreos/pkg v0.0.0-20160727233714-3ac0863d7acf/go.mod h1:E3G3o1h8I7cfcXa63jLwjI0eiQQMgzzUDFVpN/nH/eA=
github.com/cznic/golex v0.0.0-20170803123110-4ab7c5e190e4 h1:CVAqftqbj+exlab+8KJQrE+kNIVlQfJt58j4GxCMF1s=
github.com/cznic/golex v0.0.0-20170803123110-4ab7c5e190e4/go.mod h1:+bmmJDNmKlhWNG+gwWCkaBoTy39Fs+bzRxVBzoTQbIc=
github.com/cznic/mathutil v0.0.0-20180103181919-c90ba19bea89 h1:Lbi9FNTW3Osi/rifSJCBMltnGCJK9og4bq2twHH4FGo=
github.com/cznic/mathutil v0.0.0-20180103181919-c90ba19bea89/go.mod h1:e6NPNENfs9mPDVNRekM7lKScauxd5kXTr1Mfyig6TDM=
github.com/cznic/parser v0.0.0-20160622100904-31edd927e5b1 h1:uWcWCkSP+E1w1z8r082miT+c+9vzg+5UdrgGCo15lMo=
github.com/cznic/parser v0.0.0-20160622100904-31edd927e5b1/go.mod h1:2B43mz36vGZNZEwkWi8ayRSSUXLfjL8OkbzwW4NcPMM=
github.com/cznic/sortutil v0.0.0-20150617083342-4c7342852e65 h1:hxuZop6tSoOi0sxFzoGGYdRqNrPubyaIf9KoBG9tPiE=
github.com/cznic/sortutil v0.0.0-20150617083342-4c7342852e65/go.mod h1:q2w6Bg5jeox1B+QkJ6Wp/+Vn0G/bo3f1uY7Fn3vivIQ=
github.com/cznic/strutil v0.0.0-20171016134553-529a34b1c186 h1:0rkFMAbn5KBKNpJyHQ6Prb95vIKanmAe62KxsrN+sqA=
github.com/cznic/strutil v0.0.0-20171016134553-529a34b1c186/go.mod h1:AHHPPPXTw0h6pVabbcbyGRK1DckRn7r/STdZEeIDzZc=
github.com/cznic/y v0.0.0-20170802143616-045f81c6662a h1:N2rDAvHuM46OGscJkGX4Dw4BBqZgg6mGNGLYs5utVVo=
github.com/cznic/y v0.0.0-20170802143616-045f81c6662a/go.mod h1:1rk5VM7oSnA4vjp+hrLQ3HWHa+Y4yPCa3/CsJrcNnvs=
github.com/davecgh/go-spew v1.1.1 h1:vj9j/u1bqnvCEfJOwUhtlOARqs3+rkHYY13jYWTU97c=
github.com/davecgh/go-spew v1.1.1/go.mod h1:J7Y8YcW2NihsgmVo/mv3lAwl/skON4iLHjSsI+c5H38=
github.com/dgrijalva/jwt-go v3.0.0+incompatible h1:nfVqwkkhaRUethVJaQf5TUFdFr3YUF4lJBTf/F2XwVI=
github.com/dgrijalva/jwt-go v3.0.0+incompatible/go.mod h1:E3ru+11k8xSBh+hMPgOLZmtrrCbhqsmaPHjLKYnJCaQ=
github.com/dgrijalva/jwt-go v3.2.0+incompatible/go.mod h1:E3ru+11k8xSBh+hMPgOLZmtrrCbhqsmaPHjLKYnJCaQ=
github.com/dustin/go-humanize v0.0.0-20180421182945-02af3965c54e/go.mod h1:HtrtbFcZ19U5GC7JDqmcUSB87Iq5E25KnS6fMYU6eOk=
github.com/dustin/go-humanize v1.0.0 h1:VSnTsYCnlFHaM2/igO1h6X3HA71jcobQuxemgkq4zYo=
github.com/dustin/go-humanize v1.0.0/go.mod h1:HtrtbFcZ19U5GC7JDqmcUSB87Iq5E25KnS6fMYU6eOk=
github.com/eapache/go-resiliency v1.1.0 h1:1NtRmCAqadE2FN4ZcN6g90TP3uk8cg9rn9eNK2197aU=
github.com/eapache/go-resiliency v1.1.0/go.mod h1:kFI+JgMyC7bLPUVY133qvEBtVayf5mFgVsvEsIPBvNs=
github.com/eapache/go-xerial-snappy v0.0.0-20160609142408-bb955e01b934 h1:oGLoaVIefp3tiOgi7+KInR/nNPvEpPM6GFo+El7fd14=
github.com/eapache/go-xerial-snappy v0.0.0-20160609142408-bb955e01b934/go.mod h1:+020luEh2TKB4/GOp8oxxtq0Daoen/Cii55CzbTV6DU=
github.com/eapache/queue v0.0.0-20180227141424-093482f3f8ce h1:wgJIjAWDwKCWtv+sEEuBOizA9xBmlOoMsP3Cs9ZDxKk=
github.com/eapache/queue v0.0.0-20180227141424-093482f3f8ce/go.mod h1:6eCeP0CKFpHLu8blIFXhExK/dRa7WDZfr6jVFPTqq+I=
github.com/eknkc/amber v0.0.0-20171010120322-cdade1c07385 h1:clC1lXBpe2kTj2VHdaIu9ajZQe4kcEY9j0NsnDDBZ3o=
github.com/eknkc/amber v0.0.0-20171010120322-cdade1c07385/go.mod h1:0vRUJqYpeSZifjYj7uP3BG/gKcuzL9xWVV/Y+cK33KM=
github.com/etcd-io/gofail v0.0.0-20180808172546-51ce9a71510a h1:QNEenQIsGDEEfFNSnN+h6hE1OwnHqTg7Dl9gEk1Cko4=
github.com/etcd-io/gofail v0.0.0-20180808172546-51ce9a71510a/go.mod h1:49H/RkXP8pKaZy4h0d+NW16rSLhyVBt4o6VLJbmOqDE=
github.com/fsnotify/fsnotify v1.4.7 h1:IXs+QLmnXW2CcXuY+8Mzv/fWEsPGWxqefPtCP5CnV9I=
github.com/fsnotify/fsnotify v1.4.7/go.mod h1:jwhsz4b93w/PPRr/qN1Yymfu8t87LnFCMoQvtojpjFo=
github.com/ghodss/yaml v1.0.0 h1:wQHKEahhL6wmXdzwWG11gIVCkOv05bNOh+Rxn0yngAk=
github.com/ghodss/yaml v1.0.0/go.mod h1:4dBDuWmgqj2HViK6kFavaiC9ZROes6MMH2rRYeMEF04=
github.com/go-sql-driver/mysql v0.0.0-20161129053045-4ac31a97ccff h1:mdxIsqPgJ6XjyowJu/MulD5hlrM4OYeFf2DlhZpSzLs=
github.com/go-sql-driver/mysql v0.0.0-20161129053045-4ac31a97ccff/go.mod h1:zAC/RDZ24gD3HViQzih4MyKcchzm+sOG5ZlKdlhCg5w=
github.com/gogo/protobuf v0.0.0-20161210182026-06ec6c31ff1b h1:SLl/jZGjHuUfJ6+F4w1UV9MG8a8E6LMX8AKt/y6igAI=
github.com/gogo/protobuf v0.0.0-20161210182026-06ec6c31ff1b/go.mod h1:r8qH/GZQm5c6nD/R0oafs1akxWv10x8SbQlK7atdtwQ=
github.com/gogo/protobuf v1.0.0 h1:2jyBKDKU/8v3v2xVR2PtiWQviFUyiaGk2rpfyFT8rTM=
github.com/gogo/protobuf v1.0.0/go.mod h1:r8qH/GZQm5c6nD/R0oafs1akxWv10x8SbQlK7atdtwQ=
github.com/golang/glog v0.0.0-20160126235308-23def4e6c14b h1:VKtxabqXZkF25pY9ekfRL6a582T4P37/31XEstQ5p58=
github.com/golang/glog v0.0.0-20160126235308-23def4e6c14b/go.mod h1:SBH7ygxi8pfUlaOkMMuAQtPIUF8ecWP5IEl/CR7VP2Q=
github.com/golang/groupcache v0.0.0-20160516000752-02826c3e7903 h1:LbsanbbD6LieFkXbj9YNNBupiGHJgFeLpO0j0Fza1h8=
github.com/golang/groupcache v0.0.0-20160516000752-02826c3e7903/go.mod h1:cIg4eruTrX1D+g88fzRXU5OdNfaM+9IcxsU14FzY7Hc=
github.com/golang/lint v0.0.0-20181026193005-c67002cb31c3 h1:I4BOK3PBMjhWfQM2zPJKK7lOBGsrsvOB7kBELP33hiE=
github.com/golang/lint v0.0.0-20181026193005-c67002cb31c3/go.mod h1:tluoj9z5200jBnyusfRPU2LqT6J+DAorxEvtC7LHB+E=
github.com/golang/protobuf v1.1.0/go.mod h1:6lQm79b+lXiMfvg/cZm0SGofjICqVBUtrP5yJMmIC1U=
github.com/golang/protobuf v1.2.0 h1:P3YflyNX/ehuJFLhxviNdFxQPkGK5cDcApsge1SqnvM=
github.com/golang/protobuf v1.2.0/go.mod h1:6lQm79b+lXiMfvg/cZm0SGofjICqVBUtrP5yJMmIC1U=
github.com/golang/snappy v0.0.0-20150730031844-723cc1e459b8 h1:HqOOL0dgInHBCZxrSdBjb6iLv1SvSjXAxkbJPsXViy0=
github.com/golang/snappy v0.0.0-20150730031844-723cc1e459b8/go.mod h1:/XxbfmMg8lxefKM7IXC3fBNl/7bRcc72aCRzEWrmP2Q=
github.com/golang/snappy v0.0.0-20180518054509-2e65f85255db/go.mod h1:/XxbfmMg8lxefKM7IXC3fBNl/7bRcc72aCRzEWrmP2Q=
github.com/google/btree v0.0.0-20161217183710-316fb6d3f031 h1:yAx4v8FikdsGCBPzIaT2F+0WH0J+wcL7cQD9n3UbyOk=
github.com/google/btree v0.0.0-20161217183710-316fb6d3f031/go.mod h1:lNA+9X1NB3Zf8V7Ke586lFgjr2dZNuvo3lPJSGZ5JPQ=
github.com/google/btree v0.0.0-20180813153112-4030bb1f1f0c/go.mod h1:lNA+9X1NB3Zf8V7Ke586lFgjr2dZNuvo3lPJSGZ5JPQ=
github.com/gorilla/context v0.0.0-20160226214623-1ea25387ff6f/go.mod h1:kBGZzfjB9CEq2AlWe17Uuf7NDRt0dE0s8S51q0aT7Yg=
github.com/gorilla/context v1.1.1 h1:AWwleXJkX/nhcU9bZSnZoi3h/qGYqQAGhq6zZe/aQW8=
github.com/gorilla/context v1.1.1/go.mod h1:kBGZzfjB9CEq2AlWe17Uuf7NDRt0dE0s8S51q0aT7Yg=
github.com/gorilla/mux v1.6.1/go.mod h1:1lud6UwP+6orDFRuTfBEV8e9/aOM/c4fVVCaMa2zaAs=
github.com/gorilla/mux v1.6.2 h1:Pgr17XVTNXAk3q/r4CpKzC5xBM/qW1uVLV+IhRZpIIk=
github.com/gorilla/mux v1.6.2/go.mod h1:1lud6UwP+6orDFRuTfBEV8e9/aOM/c4fVVCaMa2zaAs=
github.com/gorilla/websocket v1.2.0/go.mod h1:E7qHFY5m1UJ88s3WnNqhKjPHQ0heANvMoAMk2YaljkQ=
github.com/grpc-ecosystem/go-grpc-middleware v1.0.0 h1:BWIsLfhgKhV5g/oF34aRjniBHLTZe5DNekSjbAjIS6c=
github.com/grpc-ecosystem/go-grpc-middleware v1.0.0/go.mod h1:FiyG127CGDf3tlThmgyCl78X/SZQqEOJBCDaAfeWzPs=
github.com/grpc-ecosystem/go-grpc-prometheus v0.0.0-20160910222444-6b7015e65d36 h1:cwTrrTEhz13khQS3/UZMLFWwiqlcsdp/2sxFmSjAWeQ=
github.com/grpc-ecosystem/go-grpc-prometheus v0.0.0-20160910222444-6b7015e65d36/go.mod h1:8NvIoxWQoOIhqOTXgfV/d3M/q6VIi02HzZEHgUlZvzk=
github.com/grpc-ecosystem/grpc-gateway v1.3.0 h1:HJtP6RRwj2EpPCD/mhAWzSvLL/dFTdPm1UrWwanoFos=
github.com/grpc-ecosystem/grpc-gateway v1.3.0/go.mod h1:RSKVYQBd5MCa4OVpNdGskqpgL2+G+NZTnrVHpWWfpdw=
github.com/grpc-ecosystem/grpc-gateway v1.4.1/go.mod h1:RSKVYQBd5MCa4OVpNdGskqpgL2+G+NZTnrVHpWWfpdw=
github.com/hpcloud/tail v1.0.0 h1:nfCOvKYfkgYP8hkirhJocXT2+zOD8yUNjXaWfTlyFKI=
github.com/hpcloud/tail v1.0.0/go.mod h1:ab1qPbhIpdTxEkNHXyeSf5vhxWSCs/tWer42PpOxQnU=
github.com/inconshreveable/mousetrap v1.0.0/go.mod h1:PxqpIevigyE2G7u3NXJIT2ANytuPF1OarO4DADm73n8=
github.com/jonboulle/clockwork v0.1.0 h1:VKV+ZcuP6l3yW9doeqz6ziZGgcynBVQO+obU0+0hcPo=
github.com/jonboulle/clockwork v0.1.0/go.mod h1:Ii8DK3G1RaLaWxj9trq07+26W01tbo22gdxWY5EU2bo=
github.com/juju/errors v0.0.0-20160809030848-6f54ff631840 h1:h7brQJHKsJO28BdmxgKaKVSaZT2bfobmooTf08thYvA=
github.com/juju/errors v0.0.0-20160809030848-6f54ff631840/go.mod h1:W54LbzXuIE0boCoNJfwqpmkKJ1O4TCTZMetAt6jGk7Q=
github.com/juju/loggo v0.0.0-20180524022052-584905176618 h1:MK144iBQF9hTSwBW/9eJm034bVoG30IshVm688T2hi8=
github.com/juju/loggo v0.0.0-20180524022052-584905176618/go.mod h1:vgyd7OREkbtVEN/8IXZe5Ooef3LQePvuBm9UWj6ZL8U=
github.com/juju/testing v0.0.0-20180920084828-472a3e8b2073 h1:WQM1NildKThwdP7qWrNAFGzp4ijNLw8RlgENkaI4MJs=
github.com/juju/testing v0.0.0-20180920084828-472a3e8b2073/go.mod h1:63prj8cnj0tU0S9OHjGJn+b1h0ZghCndfnbQolrYTwA=
github.com/kr/pretty v0.1.0 h1:L/CwN0zerZDmRFUapSPitk6f+Q3+0za1rQkzVuMiMFI=
github.com/kr/pretty v0.1.0/go.mod h1:dAy3ld7l9f0ibDNOQOHHMYYIIbhfbHSm3C4ZsoJORNo=
github.com/kr/pty v1.1.1/go.mod h1:pFQYn66WHrOpPYNljwOMqo10TkYh1fy3cYio2l3bCsQ=
github.com/kr/text v0.1.0 h1:45sCR5RtlFHMR4UwH9sdQ5TC8v0qDQCHnXt+kaKSTVE=
github.com/kr/text v0.1.0/go.mod h1:4Jbv+DJW3UT/LiOwJeYQe1efqtUx/iVham/4vfdArNI=
github.com/mattn/go-shellwords v1.0.3/go.mod h1:3xCvwCdWdlDJUrvuMn7Wuy9eWs4pE8vqg+NOMyg4B2o=
github.com/matttproud/golang_protobuf_extensions v1.0.0/go.mod h1:D8He9yQNgCq6Z5Ld7szi9bcBfOoFv/3dc6xSMkL2PC0=
github.com/matttproud/golang_protobuf_extensions v1.0.1 h1:4hp9jkHxhMHkqkrB3Ix0jegS5sx/RkqARlsWZ6pIwiU=
github.com/matttproud/golang_protobuf_extensions v1.0.1/go.mod h1:D8He9yQNgCq6Z5Ld7szi9bcBfOoFv/3dc6xSMkL2PC0=
github.com/montanaflynn/stats v0.0.0-20151014174947-eeaced052adb/go.mod h1:wL8QJuTMNUDYhXwkmfOly8iTdp5TEcJFWZD2D7SIkUc=
github.com/montanaflynn/stats v0.0.0-20180911141734-db72e6cae808 h1:pmpDGKLw4n82EtrNiLqB+xSz/JQwFOaZuMALYUHwX5s=
github.com/montanaflynn/stats v0.0.0-20180911141734-db72e6cae808/go.mod h1:wL8QJuTMNUDYhXwkmfOly8iTdp5TEcJFWZD2D7SIkUc=
github.com/ngaut/log v0.0.0-20160810023011-cec23d3e10b0 h1:yAdflNJJ0W/AGi5dapdvp9jZHnkGV6ZOlW1A3z/oTY8=
github.com/ngaut/log v0.0.0-20160810023011-cec23d3e10b0/go.mod h1:ueVCjKQllPmX7uEvCYnZD5b8qjidGf1TCH61arVe4SU=
github.com/ngaut/pools v0.0.0-20180318154953-b7bc8c42aac7 h1:7KAv7KMGTTqSmYZtNdcNTgsos+vFzULLwyElndwn+5c=
github.com/ngaut/pools v0.0.0-20180318154953-b7bc8c42aac7/go.mod h1:iWMfgwqYW+e8n5lC/jjNEhwcjbRDpl5NT7n2h+4UNcI=
github.com/ngaut/sync2 v0.0.0-20141008032647-7a24ed77b2ef h1:K0Fn+DoFqNqktdZtdV3bPQ/0cuYh2H4rkg0tytX/07k=
github.com/ngaut/sync2 v0.0.0-20141008032647-7a24ed77b2ef/go.mod h1:7WjlapSfwQyo6LNmIvEWzsW1hbBQfpUO4JWnuQRmva8=
github.com/onsi/ginkgo v1.6.0 h1:Ix8l273rp3QzYgXSR+c8d1fTG7UPgYkOSELPhiY/YGw=
github.com/onsi/ginkgo v1.6.0/go.mod h1:lLunBs/Ym6LB5Z9jYTR76FiuTmxDTDusOGeTQH+WWjE=
github.com/onsi/gomega v1.4.2 h1:3mYCb7aPxS/RU7TI1y4rkEn1oKmPRjNJLNEXgw7MH2I=
github.com/onsi/gomega v1.4.2/go.mod h1:ex+gbHU/CVuBBDIJjb2X0qEXbFg53c61hWP/1CpauHY=
github.com/opentracing/opentracing-go v1.0.2 h1:3jA2P6O1F9UOrWVpwrIo17pu01KWvNWg4X946/Y5Zwg=
github.com/opentracing/opentracing-go v1.0.2/go.mod h1:UkNAQd3GIcIGf0SeVgPpRdFStlNbqXla1AfSYxPUl2o=
github.com/petar/GoLLRB v0.0.0-20130427215148-53be0d36a84c/go.mod h1:HUpKUBZnpzkdx0kD/+Yfuft+uD3zHGtXF/XJB14TUr4=
github.com/pierrec/lz4 v2.0.2+incompatible h1:6spEXYEkGG74KeVRPzvSU0Fa3xO9DGO0bJcA6uIfwo8=
github.com/pierrec/lz4 v2.0.2+incompatible/go.mod h1:pdkljMzZIN41W+lC3N2tnIh5sFi+IEE17M5jbnwPHcY=
github.com/pierrec/xxHash v0.1.1 h1:KP4NrV9023xp3M4FkTYfcXqWigsOCImL1ANJ7sh5vg4=
github.com/pierrec/xxHash v0.1.1/go.mod h1:w2waW5Zoa/Wc4Yqe0wgrIYAGKqRMf7czn2HNKXmuL+I=
github.com/pingcap/check v0.0.0-20161122095354-9b266636177e h1:bibRNLCbBeJJHC35zSeon/GU5A4OMsqXqHUkGdGGnSI=
github.com/pingcap/check v0.0.0-20161122095354-9b266636177e/go.mod h1:B1+S9LNcuMyLH/4HMTViQOJevkGiik3wW2AN9zb2fNQ=
github.com/pingcap/check v0.0.0-20171206051426-1c287c953996/go.mod h1:B1+S9LNcuMyLH/4HMTViQOJevkGiik3wW2AN9zb2fNQ=
github.com/pingcap/errcode v0.0.0-20180921232412-a1a7271709d9/go.mod h1:4b2X8xSqxIroj/IZ9MX/VGZhAwc11wB9wRIzHvz6SeM=
github.com/pingcap/errors v0.10.1/go.mod h1:Oi8TUi2kEtXXLMJk9l1cGmz20kV3TaQ0usTwv5KuLY8=
github.com/pingcap/goleveldb v0.0.0-20171020122428-b9ff6c35079e h1:P73/4dPCL96rGrobssy1nVy2VaVpNCuLpCbr+FEaTA8=
github.com/pingcap/goleveldb v0.0.0-20171020122428-b9ff6c35079e/go.mod h1:O17XtbryoCJhkKGbT62+L2OlrniwqiGLSqrmdHCMzZw=
github.com/pingcap/kvproto v0.0.0-20180123023251-7b013aefd721 h1:GxpB3vKLDZvRs6Znob2GP/648jlXGUfJ6+/s4yUw3YA=
github.com/pingcap/kvproto v0.0.0-20180123023251-7b013aefd721/go.mod h1:0gwbe1F2iBIjuQ9AH0DbQhL+Dpr5GofU8fgYyXk+ykk=
github.com/pingcap/kvproto v0.0.0-20180930052200-fae11119f066 h1:ulo0ph8sxCzY3GYI+5wh2x3h/gTO3BeIvCFy6U/EKks=
github.com/pingcap/kvproto v0.0.0-20180930052200-fae11119f066/go.mod h1:0gwbe1F2iBIjuQ9AH0DbQhL+Dpr5GofU8fgYyXk+ykk=
github.com/pingcap/pd v0.0.0-20180619050643-0ec6ffcf94e8 h1:gaQBEv0OV6VWYakNRi8ZlT9fnkInHdwMSQkxQmUGeQ4=
github.com/pingcap/pd v0.0.0-20180619050643-0ec6ffcf94e8/go.mod h1:nD3+EoYes4+aNNODO99ES59V83MZSI+dFbhyr667a0E=
github.com/pingcap/pd v0.0.0-20181029030618-4cdbccab34f9 h1:nbFSboUsZ67WjiALVZfhisk4Qc06tSDGrqWjZpOPbUg=
github.com/pingcap/pd v0.0.0-20181029030618-4cdbccab34f9/go.mod h1:+bFEXnol47I8RhLpb0RbP5ZvpG6Ca7dw0LL/ARsmRk0=
github.com/pingcap/pd v2.0.5+incompatible h1:nUTetzzM/tLbd03DoMB76AAvI57oYftNib9sUE3KPFk=
github.com/pingcap/pd v2.0.5+incompatible/go.mod h1:nD3+EoYes4+aNNODO99ES59V83MZSI+dFbhyr667a0E=
github.com/pingcap/pd v2.1.0-rc.4+incompatible h1:/buwGk04aHO5odk/+O8ZOXGs4qkUjYTJ2UpCJXna8NE=
github.com/pingcap/pd v2.1.0-rc.4+incompatible/go.mod h1:nD3+EoYes4+aNNODO99ES59V83MZSI+dFbhyr667a0E=
github.com/pingcap/tidb v2.0.8+incompatible h1:4G85C71eFTQRJ0Icwul/z3gJfR0u0aWXq1t/f4O8R40=
github.com/pingcap/tidb v2.0.8+incompatible/go.mod h1:I8C6jrPINP2rrVunTRd7C9fRRhQrtR43S1/CL5ix/yQ=
github.com/pingcap/tidb-tools v0.0.0-20181011071128-224e3c29d23a h1:Z0zyuxGu+QEddUbD0aEsavqPx8aLZ1ykabG4M23u660=
github.com/pingcap/tidb-tools v0.0.0-20181011071128-224e3c29d23a/go.mod h1:XGdcy9+yqlDSEMTpOXnwf3hiTeqrV6MN/u1se9N8yIM=
github.com/pingcap/tipb v0.0.0-20171213095807-07ff5b094233 h1:0siPcROp2HURz6EC4sf6sg/f2o+j5SqGNPsS6USuQoI=
github.com/pingcap/tipb v0.0.0-20171213095807-07ff5b094233/go.mod h1:RtkHW8WbcNxj8lsbzjaILci01CtYnYbIkQhjyZWrWVI=
github.com/pkg/errors v0.8.0 h1:WdK/asTD0HN+q6hsWO3/vpuAkAr+tw6aNJNDFFf0+qw=
github.com/pkg/errors v0.8.0/go.mod h1:bwawxfHBFNV+L2hUp1rHADufV3IMtnDRdf1r5NINEl0=
github.com/pmezard/go-difflib v1.0.0 h1:4DBwDE0NGyQoBHbLQYPwSUPoCMWR5BEzIk/f1lZbAQM=
github.com/pmezard/go-difflib v1.0.0/go.mod h1:iKH77koFhYxTK1pcRnkKkqfTogsbg7gZNVY4sRDYZ/4=
github.com/prometheus/client_golang v0.8.0 h1:1921Yw9Gc3iSc4VQh3PIoOqgPCZS7G/4xQNVUp8Mda8=
github.com/prometheus/client_golang v0.8.0/go.mod h1:7SWBe2y4D6OKWSNQJUaRYU/AaXPKyh/dDVn+NZz0KFw=
github.com/prometheus/client_model v0.0.0-20150212101744-fa8ad6fec335 h1:0E/5GnGmzoDCtmzTycjGDWW33H0UBmAhR0h+FC8hWLs=
github.com/prometheus/client_model v0.0.0-20150212101744-fa8ad6fec335/go.mod h1:MbSGuTsp3dbXC40dX6PRTWyKYBIrTGTE9sqQNg2J8bo=
github.com/prometheus/client_model v0.0.0-20171117100541-99fa1f4be8e5 h1:cLL6NowurKLMfCeQy4tIeph12XNQWgANCNvdyrOYKV4=
github.com/prometheus/client_model v0.0.0-20171117100541-99fa1f4be8e5/go.mod h1:MbSGuTsp3dbXC40dX6PRTWyKYBIrTGTE9sqQNg2J8bo=
github.com/prometheus/common v0.0.0-20160623151427-4402f4e5ea79 h1:SvLlpwM0nouIVroZjoDw3sMhOvtX2sSbXaUp5BqDjZA=
github.com/prometheus/common v0.0.0-20160623151427-4402f4e5ea79/go.mod h1:daVV7qP5qjZbuso7PdcryaAu0sAZbrN9i7WWcTMWvro=
github.com/prometheus/common v0.0.0-20180426121432-d811d2e9bf89 h1:7KBNF1zLlfEkG0K4axOT7B9GNzaIse6ELQL/w48P7KI=
github.com/prometheus/common v0.0.0-20180426121432-d811d2e9bf89/go.mod h1:daVV7qP5qjZbuso7PdcryaAu0sAZbrN9i7WWcTMWvro=
github.com/prometheus/procfs v0.0.0-20160411190841-abf152e5f3e9 h1:IrO4Eb9oGw+GxzOhO4b2QC5EWO85Omh/4iTSPZktMm8=
github.com/prometheus/procfs v0.0.0-20160411190841-abf152e5f3e9/go.mod h1:c3At6R/oaqEKCNdg8wHV1ftS6bRYblBhIjjI8uT2IGk=
github.com/prometheus/procfs v0.0.0-20180408092902-8b1c2da0d56d h1:RCcsxyRr6+/pLg6wr0cUjPovhEhSNOtPh0SOz6u3hGU=
github.com/prometheus/procfs v0.0.0-20180408092902-8b1c2da0d56d/go.mod h1:c3At6R/oaqEKCNdg8wHV1ftS6bRYblBhIjjI8uT2IGk=
github.com/rcrowley/go-metrics v0.0.0-20180503174638-e2704e165165 h1:nkcn14uNmFEuGCb2mBZbBb24RdNRL08b/wb+xBOYpuk=
github.com/rcrowley/go-metrics v0.0.0-20180503174638-e2704e165165/go.mod h1:bCqnVzQkZxMG4s8nGwiZ5l3QUCyqpo9Y+/ZMZ9VjZe4=
github.com/satori/go.uuid v1.2.0 h1:0uYX9dsZ2yD7q2RtLRtPSdGDWzjeM3TbMJP9utgA0ww=
github.com/satori/go.uuid v1.2.0/go.mod h1:dA0hQrYB0VpLJoorglMZABFdXlWrHn1NEOzdhQKdks0=
github.com/siddontang/go v0.0.0-20170517070808-cb568a3e5cc0 h1:QIF48X1cihydXibm+4wfAc0r/qyPyuFiPFRNphdMpEE=
github.com/siddontang/go v0.0.0-20170517070808-cb568a3e5cc0/go.mod h1:3yhqj7WBBfRhbBlzyOC3gUxftwsU0u8gqevxwIHQpMw=
github.com/sirupsen/logrus v0.0.0-20180618111419-75068beb13ad h1:qCTxQ36/AbHLb4x8frJ725WD4yw9WTfbZKEt2SSyH00=
github.com/sirupsen/logrus v0.0.0-20180618111419-75068beb13ad/go.mod h1:pMByvHTf9Beacp5x1UXfOR9xyW/9antXMhjMPG0dEzc=
github.com/sirupsen/logrus v1.0.5 h1:8c8b5uO0zS4X6RPl/sd1ENwSkIc0/H2PaHxE3udaE8I=
github.com/sirupsen/logrus v1.0.5/go.mod h1:pMByvHTf9Beacp5x1UXfOR9xyW/9antXMhjMPG0dEzc=
github.com/soheilhy/cmux v0.1.4/go.mod h1:IM3LyeVVIOuxMH7sFAkER9+bJ4dT7Ms6E4xg4kGIyLM=
github.com/spaolacci/murmur3 v0.0.0-20180118202830-f09979ecbc72 h1:qLC7fQah7D6K1B0ujays3HV9gkFtllcxhzImRR7ArPQ=
github.com/spaolacci/murmur3 v0.0.0-20180118202830-f09979ecbc72/go.mod h1:JwIasOWyU6f++ZhiEuf87xNszmSA2myDM2Kzu9HwQUA=
github.com/spf13/cobra v0.0.2/go.mod h1:1l0Ry5zgKvJasoi3XT1TypsSe7PqH0Sj9dhYf7v3XqQ=
github.com/spf13/pflag v1.0.1/go.mod h1:DYY7MBk1bdzusC3SYhjObp+wFpr4gzcvqqNjLnInEg4=
github.com/stretchr/testify v1.2.2 h1:bSDNvY7ZPG5RlJ8otE/7V6gMiyenm9RtJ7IUVIAoJ1w=
github.com/stretchr/testify v1.2.2/go.mod h1:a8OnRcib4nhh0OaRAV+Yts87kKdq0PP7pXfy6kDkUVs=
github.com/syndtr/goleveldb v0.0.0-20180815032940-ae2bd5eed72d/go.mod h1:Z4AUp2Km+PwemOoO/VB5AOx9XSsIItzFjoJlOSiYmn0=
github.com/tmc/grpc-websocket-proxy v0.0.0-20171017195756-830351dc03c6/go.mod h1:ncp9v5uamzpCO7NfCPTXjqaC+bZgJeR0sMTm6dMHP7U=
github.com/twinj/uuid v0.1.0 h1:m4NyLH5MReF8zWQegEXvSTpnV6A7svVLG5FbZql6OAA=
github.com/twinj/uuid v0.1.0/go.mod h1:mMgcE1RHFUFqe5AfiwlINXisXfDGro23fWdPUfOMjRY=
github.com/uber-go/atomic v1.3.2 h1:Azu9lPBWRNKzYXSIwRfgRuDuS0YKsK4NFhiQv98gkxo=
github.com/uber-go/atomic v1.3.2/go.mod h1:/Ct5t2lcmbJ4OSe/waGBoaVvVqtO0bmtfVNex1PFV8g=
github.com/uber/jaeger-client-go v0.0.0-20180607151842-f7e0d4744fa6 h1:x2aYRH9ayk4SeB/gdpG0HTkyL798WfmJC8zMr6KY8SE=
github.com/uber/jaeger-client-go v0.0.0-20180607151842-f7e0d4744fa6/go.mod h1:WVhlPFC8FDjOFMMWRy2pZqQJSXxYSwNYOkTr/Z6d3Kk=
github.com/uber/jaeger-lib v0.0.0-20180112221534-34d9cc24e47a h1:rg75Iqy18KW/THK/jjv/aIS3bLKLBRQsxvgpSdv+E0o=
github.com/uber/jaeger-lib v0.0.0-20180112221534-34d9cc24e47a/go.mod h1:ComeNDZlWwrWnDv8aPp0Ba6+uUTzImX/AauajbLI56U=
github.com/ugorji/go v0.0.0-20170107133203-ded73eae5db7 h1:BPPUhSq7uU6E9lFzyb81vjwVOhiWwMXp0EpKL75NX+8=
github.com/ugorji/go v0.0.0-20170107133203-ded73eae5db7/go.mod h1:hnLbHMwcvSihnDhEfx2/BzKp2xb0Y+ErdfYcrs9tkJQ=
github.com/ugorji/go v1.1.1/go.mod h1:hnLbHMwcvSihnDhEfx2/BzKp2xb0Y+ErdfYcrs9tkJQ=
github.com/unrolled/render v0.0.0-20171102162132-65450fb6b2d3/go.mod h1:tu82oB5W2ykJRVioYsB+IQKcft7ryBr7w12qMBUPyXg=
github.com/unrolled/render v0.0.0-20180914162206-b9786414de4d h1:ggUgChAeyge4NZ4QUw6lhHsVymzwSDJOZcE0s2X8S20=
github.com/unrolled/render v0.0.0-20180914162206-b9786414de4d/go.mod h1:tu82oB5W2ykJRVioYsB+IQKcft7ryBr7w12qMBUPyXg=
github.com/urfave/negroni v0.3.0/go.mod h1:Meg73S6kFm/4PpbYdq35yYWoCZ9mS/YSx+lKnmiohz4=
github.com/urfave/negroni v1.0.0 h1:kIimOitoypq34K7TG7DUaJ9kq/N4Ofuwi1sjz0KipXc=
github.com/urfave/negroni v1.0.0/go.mod h1:Meg73S6kFm/4PpbYdq35yYWoCZ9mS/YSx+lKnmiohz4=
github.com/xiang90/probing v0.0.0-20160813154853-07dd2e8dfe18 h1:MPPkRncZLN9Kh4MEFmbnK4h3BD7AUmskWv2+EeZJCCs=
github.com/xiang90/probing v0.0.0-20160813154853-07dd2e8dfe18/go.mod h1:UETIi67q53MR2AWcXfiuqkDkRtnGDLqkBTpCHuJHxtU=
go.uber.org/atomic v1.3.2 h1:2Oa65PReHzfn29GpvgsYwloV9AVFHPDk8tYxt2c2tr4=
go.uber.org/atomic v1.3.2/go.mod h1:gD2HeocX3+yG+ygLZcrzQJaqmWj9AIm7n08wl/qW/PE=
go.uber.org/multierr v1.1.0/go.mod h1:wR5kodmAFQ0UK8QlbwjlSNy0Z68gJhDJUG5sjR94q/0=
go.uber.org/zap v1.8.0/go.mod h1:vwi/ZaCAaUcBkycHslxD9B2zi4UTXhF60s6SWpuDF0Q=
golang.org/x/crypto v0.0.0-20150218234220-1351f936d976 h1:IqUhiNZ/PS0T3mCxyIJiLqyg8WUuPx8OoIg1d4JcpkM=
golang.org/x/crypto v0.0.0-20150218234220-1351f936d976/go.mod h1:6SG95UA2DQfeDnfUPMdvaQW0Q7yPrPDi9nlGo2tz2b4=
golang.org/x/crypto v0.0.0-20180503215945-1f94bef427e3 h1:+U/hI4i24Enhs+2BEMCN7wg16uT6entqa2mTg/PUKB8=
golang.org/x/crypto v0.0.0-20180503215945-1f94bef427e3/go.mod h1:6SG95UA2DQfeDnfUPMdvaQW0Q7yPrPDi9nlGo2tz2b4=
golang.org/x/lint v0.0.0-20181026193005-c67002cb31c3 h1:x/bBzNauLQAlE3fLku/xy92Y8QwKX5HZymrMz2IiKFc=
golang.org/x/lint v0.0.0-20181026193005-c67002cb31c3/go.mod h1:UVdnD1Gm6xHRNCYTkRU2/jEulfH38KcIWyp/GAMgvoE=
golang.org/x/net v0.0.0-20180502164142-640f4622ab69/go.mod h1:mL1N/T3taQHkDXs73rZJwtUhF3w3ftmwwsq0BUmARs4=
golang.org/x/net v0.0.0-20180906233101-161cd47e91fd h1:nTDtHvHSdCn1m6ITfMRqtOd/9+7a3s8RBNOZ3eYZzJA=
golang.org/x/net v0.0.0-20180906233101-161cd47e91fd/go.mod h1:mL1N/T3taQHkDXs73rZJwtUhF3w3ftmwwsq0BUmARs4=
golang.org/x/sync v0.0.0-20180314180146-1d60e4601c6f h1:wMNYb4v58l5UBM7MYRLPG6ZhfOqbKu7X5eyFl8ZhKvA=
golang.org/x/sync v0.0.0-20180314180146-1d60e4601c6f/go.mod h1:RxMgew5VJxzue5/jJTE5uejpjVlOe/izrB70Jof72aM=
golang.org/x/sys v0.0.0-20180501092740-78d5f264b493/go.mod h1:STP8DvDyc/dI5b8T5hshtkjS+E42TnysNCUPdjciGhY=
golang.org/x/sys v0.0.0-20180909124046-d0be0721c37e h1:o3PsSEY8E4eXWkXrIP9YJALUkVZqzHJT5DOasTyn8Vs=
golang.org/x/sys v0.0.0-20180909124046-d0be0721c37e/go.mod h1:STP8DvDyc/dI5b8T5hshtkjS+E42TnysNCUPdjciGhY=
golang.org/x/text v0.3.0 h1:g61tztE5qeGQ89tm6NTjjM9VPIm088od1l6aSorWRWg=
golang.org/x/text v0.3.0/go.mod h1:NqM8EUOU14njkJ3fqMW+pc6Ldnwhi/IjpwHt7yyuwOQ=
golang.org/x/time v0.0.0-20170420181420-c06e80d9300e h1:J4S0GBcCoJ2pYYVewfgT7HU8SvahFdrkNK7FRuGCZdo=
golang.org/x/time v0.0.0-20170420181420-c06e80d9300e/go.mod h1:tRJNPiyCQ0inRvYxbN9jk5I+vvW/OXSQhTDSoE431IQ=
golang.org/x/time v0.0.0-20180412165947-fbb02b2291d2/go.mod h1:tRJNPiyCQ0inRvYxbN9jk5I+vvW/OXSQhTDSoE431IQ=
golang.org/x/tools v0.0.0-20181026183834-f60e5f99f081 h1:QJP9sxq2/KbTxFnGduVryxJOt6r/UVGyom3tLaqu7tc=
golang.org/x/tools v0.0.0-20181026183834-f60e5f99f081/go.mod h1:n7NCudcB/nEzxVGmLbDWY5pfWTLqBcC2KZ6jyYvM4mQ=
google.golang.org/genproto v0.0.0-20170711235230-b0a3dcfcd1a9 h1:wxGvmadi0ZZjsFJf3uyqRb1Eg4Jawj4ofWGwW09gfds=
google.golang.org/genproto v0.0.0-20170711235230-b0a3dcfcd1a9/go.mod h1:JiN7NxoALGmiZfu7CAH4rXhgtRTLTxftemlI0sWmxmc=
google.golang.org/genproto v0.0.0-20180427144745-86e600f69ee4 h1:0rk3/gV3HbvCeUzVMhdxV3TEVKMVPDnayjN7sYRmcxY=
google.golang.org/genproto v0.0.0-20180427144745-86e600f69ee4/go.mod h1:JiN7NxoALGmiZfu7CAH4rXhgtRTLTxftemlI0sWmxmc=
google.golang.org/grpc v1.7.5 h1:0AhjqP7cn9oG7PAMkSh8hCCtUTdXdOe+85Wsbi3vhms=
google.golang.org/grpc v1.7.5/go.mod h1:yo6s7OP7yaDglbqo1J04qKzAhqBH6lvTonzMVmEdcZw=
google.golang.org/grpc v1.12.2 h1:FDcj+1t3wSAWho63301gD11L6ysvOl7XPJ0r/ClqNm0=
google.golang.org/grpc v1.12.2/go.mod h1:yo6s7OP7yaDglbqo1J04qKzAhqBH6lvTonzMVmEdcZw=
gopkg.in/airbrake/gobrake.v2 v2.0.9 h1:7z2uVWwn7oVeeugY1DtlPAy5H+KYgB1KeKTnqjNatLo=
gopkg.in/airbrake/gobrake.v2 v2.0.9/go.mod h1:/h5ZAUhDkGaJfjzjKLSjv6zCL6O0LLBxU4K+aSYdM/U=
gopkg.in/check.v1 v0.0.0-20161208181325-20d25e280405/go.mod h1:Co6ibVJAznAaIkqp8huTwlJQCZ016jof/cbN4VW5Yz0=
gopkg.in/check.v1 v1.0.0-20180628173108-788fd7840127 h1:qIbj1fsPNlZgppZ+VLlY7N33q108Sa+fhmuc+sWQYwY=
gopkg.in/check.v1 v1.0.0-20180628173108-788fd7840127/go.mod h1:Co6ibVJAznAaIkqp8huTwlJQCZ016jof/cbN4VW5Yz0=
gopkg.in/fsnotify.v1 v1.4.7 h1:xOHLXZwVvI9hhs+cLKq5+I5onOuwQLhQwiu63xxlHs4=
gopkg.in/fsnotify.v1 v1.4.7/go.mod h1:Tz8NjZHkW78fSQdbUxIjBTcgA1z1m8ZHf0WmKUhAMys=
gopkg.in/gemnasium/logrus-airbrake-hook.v2 v2.1.2 h1:OAj3g0cR6Dx/R07QgQe8wkA9RNjB2u4i700xBkIT4e0=
gopkg.in/gemnasium/logrus-airbrake-hook.v2 v2.1.2/go.mod h1:Xk6kEKp8OKb+X14hQBKWaSkCsqBpgog8nAV2xsGOxlo=
gopkg.in/mgo.v2 v2.0.0-20180705113604-9856a29383ce h1:xcEWjVhvbDy+nHP67nPDDpbYrY+ILlfndk4bRioVHaU=
gopkg.in/mgo.v2 v2.0.0-20180705113604-9856a29383ce/go.mod h1:yeKp02qBN3iKW1OzL3MGk2IdtZzaj7SFntXj72NppTA=
gopkg.in/natefinch/lumberjack.v2 v2.0.0-20170531160350-a96e63847dc3 h1:AFxeG48hTWHhDTQDk/m2gorfVHUEa9vo3tp3D7TzwjI=
gopkg.in/natefinch/lumberjack.v2 v2.0.0-20170531160350-a96e63847dc3/go.mod h1:l0ndWWf7gzL7RNwBG7wST/UCcT4T24xpD6X8LsfU/+k=
gopkg.in/tomb.v1 v1.0.0-20141024135613-dd632973f1e7 h1:uRGJdciOHaEIrze2W8Q3AKkepLTh2hOroT7a+7czfdQ=
gopkg.in/tomb.v1 v1.0.0-20141024135613-dd632973f1e7/go.mod h1:dt/ZhP58zS4L8KSrWDmTeBkI65Dw0HsyUHuEVlX15mw=
gopkg.in/yaml.v2 v2.2.1 h1:mUhvW9EsL+naU5Q3cakzfE91YhliOondGd6ZrsDBHQE=
gopkg.in/yaml.v2 v2.2.1/go.mod h1:hI93XBmqTisBFMUTm0b8Fm+jr3Dg1NNxqwp+5A1VGuI=
